
Microsoft Visual Studio Solution File, Format Version 12.00
# Visual Studio 15
VisualStudioVersion = 15.0.28307.1231
MinimumVisualStudioVersion = 10.0.40219.1
Project("{FAE04EC0-301F-11D3-BF4B-00C04F79EFBC}") = "AngularSample", "AngularSample\AngularSample.csproj", "{91040170-BEB8-44E8-8ECB-3AB35A78CB4B}"
EndProject
Global
	GlobalSection(SolutionConfigurationPlatforms) = preSolution
		Debug|Any CPU = Debug|Any CPU
		Release|Any CPU = Release|Any CPU
	EndGlobalSection
	GlobalSection(ProjectConfigurationPlatforms) = postSolution
		{91040170-BEB8-44E8-8ECB-3AB35A78CB4B}.Debug|Any CPU.ActiveCfg = Debug|Any CPU
		{91040170-BEB8-44E8-8ECB-3AB35A78CB4B}.Debug|Any CPU.Build.0 = Debug|Any CPU
		{91040170-BEB8-44E8-8ECB-3AB35A78CB4B}.Release|Any CPU.ActiveCfg = Release|Any CPU
		{91040170-BEB8-44E8-8ECB-3AB35A78CB4B}.Release|Any CPU.Build.0 = Release|Any CPU
	EndGlobalSection
	GlobalSection(SolutionProperties) = preSolution
		HideSolutionNode = FALSE
	EndGlobalSection
	GlobalSection(ExtensibilityGlobals) = postSolution
		SolutionGuid = {D0B204B7-AEEE-4892-84DE-4C84598C91BC}
	EndGlobalSection
EndGlobal
